{
  "name": "new-portfolio",
  "lockfileVersion": 3,
  "requires": true,
  "packages": {
    "node_modules/create-vite": {
      "version": "5.5.1",
      "resolved": "https://registry.npmjs.org/create-vite/-/create-vite-5.5.1.tgz",
      "integrity": "sha512-+mHQ/4JYyDyY/7TmYIh1FYuGZdUQTrMl8JCyhiioVapAwpTrUyGMIP8qrcFfXUuYAk+DuiAbI/6xOhM4MS7rQQ==",
      "bin": {
        "create-vite": "index.js",
        "cva": "index.js"
      },
      "engines": {
        "node": "^18.0.0 || >=20.0.0"
      },
      "funding": {
        "url": "https://github.com/vitejs/vite?sponsor=1"
      }
    }
  }
}
